
Microsoft Visual Studio Solution File, Format Version 12.00
# Visual Studio 15
VisualStudioVersion = 15.0.27703.2000
MinimumVisualStudioVersion = 10.0.40219.1
Project("{FAE04EC0-301F-11D3-BF4B-00C04F79EFBC}") = "Hello", "Hello\Hello.csproj", "{06642303-9D19-4B4B-A43F-4773671E98AB}"
EndProject
Global
	GlobalSection(SolutionConfigurationPlatforms) = preSolution
		Debug|Any CPU = Debug|Any CPU
		Release|Any CPU = Release|Any CPU
	EndGlobalSection
	GlobalSection(ProjectConfigurationPlatforms) = postSolution
		{06642303-9D19-4B4B-A43F-4773671E98AB}.Debug|Any CPU.ActiveCfg = Debug|Any CPU
		{06642303-9D19-4B4B-A43F-4773671E98AB}.Debug|Any CPU.Build.0 = Debug|Any CPU
		{06642303-9D19-4B4B-A43F-4773671E98AB}.Release|Any CPU.ActiveCfg = Release|Any CPU
		{06642303-9D19-4B4B-A43F-4773671E98AB}.Release|Any CPU.Build.0 = Release|Any CPU
	EndGlobalSection
	GlobalSection(SolutionProperties) = preSolution
		HideSolutionNode = FALSE
	EndGlobalSection
	GlobalSection(ExtensibilityGlobals) = postSolution
		SolutionGuid = {73346EED-CE43-4A0C-8F07-5A9B75A5846E}
	EndGlobalSection
EndGlobal
